
Microsoft Visual Studio Solution File, Format Version 12.00
# Visual Studio Version 16
VisualStudioVersion = 16.0.31515.178
MinimumVisualStudioVersion = 10.0.40219.1
Project("{FAE04EC0-301F-11D3-BF4B-00C04F79EFBC}") = "MyMath.Tests", "MyMath.Tests\MyMath.Tests.csproj", "{1E1F90A4-EE71-4264-899E-0CECCAC08952}"
EndProject
Project("{FAE04EC0-301F-11D3-BF4B-00C04F79EFBC}") = "MyMath", "MyMath\MyMath.csproj", "{6E7B9798-A8C8-4EDC-8B4C-0D5587DDF356}"
EndProject
Project("{FAE04EC0-301F-11D3-BF4B-00C04F79EFBC}") = "main", "main\main.csproj", "{7D1E1CAE-9A54-4E7F-B1DC-831C08D7AC15}"
EndProject
Global
	GlobalSection(SolutionConfigurationPlatforms) = preSolution
		Debug|Any CPU = Debug|Any CPU
		Release|Any CPU = Release|Any CPU
	EndGlobalSection
	GlobalSection(ProjectConfigurationPlatforms) = postSolution
		{1E1F90A4-EE71-4264-899E-0CECCAC08952}.Debug|Any CPU.ActiveCfg = Debug|Any CPU
		{1E1F90A4-EE71-4264-899E-0CECCAC08952}.Debug|Any CPU.Build.0 = Debug|Any CPU
		{1E1F90A4-EE71-4264-899E-0CECCAC08952}.Release|Any CPU.ActiveCfg = Release|Any CPU
		{1E1F90A4-EE71-4264-899E-0CECCAC08952}.Release|Any CPU.Build.0 = Release|Any CPU
		{6E7B9798-A8C8-4EDC-8B4C-0D5587DDF356}.Debug|Any CPU.ActiveCfg = Debug|Any CPU
		{6E7B9798-A8C8-4EDC-8B4C-0D5587DDF356}.Debug|Any CPU.Build.0 = Debug|Any CPU
		{6E7B9798-A8C8-4EDC-8B4C-0D5587DDF356}.Release|Any CPU.ActiveCfg = Release|Any CPU
		{6E7B9798-A8C8-4EDC-8B4C-0D5587DDF356}.Release|Any CPU.Build.0 = Release|Any CPU
		{7D1E1CAE-9A54-4E7F-B1DC-831C08D7AC15}.Debug|Any CPU.ActiveCfg = Debug|Any CPU
		{7D1E1CAE-9A54-4E7F-B1DC-831C08D7AC15}.Debug|Any CPU.Build.0 = Debug|Any CPU
		{7D1E1CAE-9A54-4E7F-B1DC-831C08D7AC15}.Release|Any CPU.ActiveCfg = Release|Any CPU
		{7D1E1CAE-9A54-4E7F-B1DC-831C08D7AC15}.Release|Any CPU.Build.0 = Release|Any CPU
	EndGlobalSection
	GlobalSection(SolutionProperties) = preSolution
		HideSolutionNode = FALSE
	EndGlobalSection
	GlobalSection(ExtensibilityGlobals) = postSolution
		SolutionGuid = {7737EF5A-56CB-438F-9B62-695B15661CB0}
	EndGlobalSection
EndGlobal
