
Microsoft Visual Studio Solution File, Format Version 12.00
# Visual Studio Version 16
VisualStudioVersion = 16.0.31515.178
MinimumVisualStudioVersion = 10.0.40219.1
Project("{FAE04EC0-301F-11D3-BF4B-00C04F79EFBC}") = "Text.Tests", "Text.Tests\Text.Tests.csproj", "{76EA0FB9-C567-4BF9-A2E4-7B45B72117A8}"
EndProject
Project("{FAE04EC0-301F-11D3-BF4B-00C04F79EFBC}") = "Text", "Text\Text.csproj", "{E9B9BEB9-CFAB-4E21-95EB-1FBBBC990BBD}"
EndProject
Project("{FAE04EC0-301F-11D3-BF4B-00C04F79EFBC}") = "main", "main\main.csproj", "{BE60FD4A-3A47-4A6F-9CAE-E58350A1CDB9}"
EndProject
Global
	GlobalSection(SolutionConfigurationPlatforms) = preSolution
		Debug|Any CPU = Debug|Any CPU
		Release|Any CPU = Release|Any CPU
	EndGlobalSection
	GlobalSection(ProjectConfigurationPlatforms) = postSolution
		{76EA0FB9-C567-4BF9-A2E4-7B45B72117A8}.Debug|Any CPU.ActiveCfg = Debug|Any CPU
		{76EA0FB9-C567-4BF9-A2E4-7B45B72117A8}.Debug|Any CPU.Build.0 = Debug|Any CPU
		{76EA0FB9-C567-4BF9-A2E4-7B45B72117A8}.Release|Any CPU.ActiveCfg = Release|Any CPU
		{76EA0FB9-C567-4BF9-A2E4-7B45B72117A8}.Release|Any CPU.Build.0 = Release|Any CPU
		{E9B9BEB9-CFAB-4E21-95EB-1FBBBC990BBD}.Debug|Any CPU.ActiveCfg = Debug|Any CPU
		{E9B9BEB9-CFAB-4E21-95EB-1FBBBC990BBD}.Debug|Any CPU.Build.0 = Debug|Any CPU
		{E9B9BEB9-CFAB-4E21-95EB-1FBBBC990BBD}.Release|Any CPU.ActiveCfg = Release|Any CPU
		{E9B9BEB9-CFAB-4E21-95EB-1FBBBC990BBD}.Release|Any CPU.Build.0 = Release|Any CPU
		{BE60FD4A-3A47-4A6F-9CAE-E58350A1CDB9}.Debug|Any CPU.ActiveCfg = Debug|Any CPU
		{BE60FD4A-3A47-4A6F-9CAE-E58350A1CDB9}.Debug|Any CPU.Build.0 = Debug|Any CPU
		{BE60FD4A-3A47-4A6F-9CAE-E58350A1CDB9}.Release|Any CPU.ActiveCfg = Release|Any CPU
		{BE60FD4A-3A47-4A6F-9CAE-E58350A1CDB9}.Release|Any CPU.Build.0 = Release|Any CPU
	EndGlobalSection
	GlobalSection(SolutionProperties) = preSolution
		HideSolutionNode = FALSE
	EndGlobalSection
	GlobalSection(ExtensibilityGlobals) = postSolution
		SolutionGuid = {005590CD-B910-405A-A250-7C792FD25DA9}
	EndGlobalSection
EndGlobal
