
Microsoft Visual Studio Solution File, Format Version 12.00
# Visual Studio Version 16
VisualStudioVersion = 16.0.31515.178
MinimumVisualStudioVersion = 10.0.40219.1
Project("{9A19103F-16F7-4668-BE54-9A1E7A4F7556}") = "3-magnitude", "3-magnitude\3-magnitude.csproj", "{49D31F04-0626-492E-981F-709BD633C4E1}"
EndProject
Project("{9A19103F-16F7-4668-BE54-9A1E7A4F7556}") = "6-vector_addition", "6-vector_addition\6-vector_addition.csproj", "{D6A61100-0B10-4772-A9CB-44DE883601C8}"
EndProject
Project("{9A19103F-16F7-4668-BE54-9A1E7A4F7556}") = "9-vector_scalar_mul", "9-vector_scalar_mul\9-vector_scalar_mul.csproj", "{E0566DCB-95E0-4012-8F98-238A14C75097}"
EndProject
Project("{9A19103F-16F7-4668-BE54-9A1E7A4F7556}") = "12-dot_product", "12-dot_product\12-dot_product.csproj", "{C3C63163-AF4B-4940-B46B-2BBC66AB6EAB}"
EndProject
Project("{9A19103F-16F7-4668-BE54-9A1E7A4F7556}") = "14-matrix_addition", "14-matrix_addition\14-matrix_addition.csproj", "{F616262F-9216-422A-B1E9-6AC374B2C2AE}"
EndProject
Project("{9A19103F-16F7-4668-BE54-9A1E7A4F7556}") = "16-matrix_scalar_mul", "16-matrix_scalar_mul\16-matrix_scalar_mul.csproj", "{826F5B2C-F024-42A4-ACF1-541044C8CE8E}"
EndProject
Project("{9A19103F-16F7-4668-BE54-9A1E7A4F7556}") = "18-matrix_matrix_mul", "18-matrix_matrix_mul\18-matrix_matrix_mul.csproj", "{51B4B01B-18DF-4DBC-95B7-212E549E911B}"
EndProject
Project("{9A19103F-16F7-4668-BE54-9A1E7A4F7556}") = "20-matrix_rotate_2D", "20-matrix_rotate_2D\20-matrix_rotate_2D.csproj", "{D7E19BCF-545F-4EFA-89D2-903E58655B17}"
EndProject
Project("{9A19103F-16F7-4668-BE54-9A1E7A4F7556}") = "25-matrix_transpose", "25-matrix_transpose\25-matrix_transpose.csproj", "{B233CCE0-AE77-47FA-B8C7-79E25D566D24}"
EndProject
Project("{9A19103F-16F7-4668-BE54-9A1E7A4F7556}") = "28-determinant", "28-determinant\28-determinant.csproj", "{32169EC2-BD31-46ED-9755-5C779CBF9AE9}"
EndProject
Project("{9A19103F-16F7-4668-BE54-9A1E7A4F7556}") = "30-cross_product", "30-cross_product\30-cross_product.csproj", "{CCC20C1B-CDB0-4A45-8F5B-CA7DCAE15905}"
EndProject
Project("{9A19103F-16F7-4668-BE54-9A1E7A4F7556}") = "33-inverse_2D", "33-inverse_2D\33-inverse_2D.csproj", "{00EB44B8-AA4C-4C51-9261-32AA0A285F21}"
EndProject
Global
	GlobalSection(SolutionConfigurationPlatforms) = preSolution
		Debug|Any CPU = Debug|Any CPU
		Release|Any CPU = Release|Any CPU
	EndGlobalSection
	GlobalSection(ProjectConfigurationPlatforms) = postSolution
		{49D31F04-0626-492E-981F-709BD633C4E1}.Debug|Any CPU.ActiveCfg = Debug|Any CPU
		{49D31F04-0626-492E-981F-709BD633C4E1}.Debug|Any CPU.Build.0 = Debug|Any CPU
		{49D31F04-0626-492E-981F-709BD633C4E1}.Release|Any CPU.ActiveCfg = Release|Any CPU
		{49D31F04-0626-492E-981F-709BD633C4E1}.Release|Any CPU.Build.0 = Release|Any CPU
		{D6A61100-0B10-4772-A9CB-44DE883601C8}.Debug|Any CPU.ActiveCfg = Debug|Any CPU
		{D6A61100-0B10-4772-A9CB-44DE883601C8}.Debug|Any CPU.Build.0 = Debug|Any CPU
		{D6A61100-0B10-4772-A9CB-44DE883601C8}.Release|Any CPU.ActiveCfg = Release|Any CPU
		{D6A61100-0B10-4772-A9CB-44DE883601C8}.Release|Any CPU.Build.0 = Release|Any CPU
		{E0566DCB-95E0-4012-8F98-238A14C75097}.Debug|Any CPU.ActiveCfg = Debug|Any CPU
		{E0566DCB-95E0-4012-8F98-238A14C75097}.Debug|Any CPU.Build.0 = Debug|Any CPU
		{E0566DCB-95E0-4012-8F98-238A14C75097}.Release|Any CPU.ActiveCfg = Release|Any CPU
		{E0566DCB-95E0-4012-8F98-238A14C75097}.Release|Any CPU.Build.0 = Release|Any CPU
		{C3C63163-AF4B-4940-B46B-2BBC66AB6EAB}.Debug|Any CPU.ActiveCfg = Debug|Any CPU
		{C3C63163-AF4B-4940-B46B-2BBC66AB6EAB}.Debug|Any CPU.Build.0 = Debug|Any CPU
		{C3C63163-AF4B-4940-B46B-2BBC66AB6EAB}.Release|Any CPU.ActiveCfg = Release|Any CPU
		{C3C63163-AF4B-4940-B46B-2BBC66AB6EAB}.Release|Any CPU.Build.0 = Release|Any CPU
		{F616262F-9216-422A-B1E9-6AC374B2C2AE}.Debug|Any CPU.ActiveCfg = Debug|Any CPU
		{F616262F-9216-422A-B1E9-6AC374B2C2AE}.Debug|Any CPU.Build.0 = Debug|Any CPU
		{F616262F-9216-422A-B1E9-6AC374B2C2AE}.Release|Any CPU.ActiveCfg = Release|Any CPU
		{F616262F-9216-422A-B1E9-6AC374B2C2AE}.Release|Any CPU.Build.0 = Release|Any CPU
		{826F5B2C-F024-42A4-ACF1-541044C8CE8E}.Debug|Any CPU.ActiveCfg = Debug|Any CPU
		{826F5B2C-F024-42A4-ACF1-541044C8CE8E}.Debug|Any CPU.Build.0 = Debug|Any CPU
		{826F5B2C-F024-42A4-ACF1-541044C8CE8E}.Release|Any CPU.ActiveCfg = Release|Any CPU
		{826F5B2C-F024-42A4-ACF1-541044C8CE8E}.Release|Any CPU.Build.0 = Release|Any CPU
		{51B4B01B-18DF-4DBC-95B7-212E549E911B}.Debug|Any CPU.ActiveCfg = Debug|Any CPU
		{51B4B01B-18DF-4DBC-95B7-212E549E911B}.Debug|Any CPU.Build.0 = Debug|Any CPU
		{51B4B01B-18DF-4DBC-95B7-212E549E911B}.Release|Any CPU.ActiveCfg = Release|Any CPU
		{51B4B01B-18DF-4DBC-95B7-212E549E911B}.Release|Any CPU.Build.0 = Release|Any CPU
		{D7E19BCF-545F-4EFA-89D2-903E58655B17}.Debug|Any CPU.ActiveCfg = Debug|Any CPU
		{D7E19BCF-545F-4EFA-89D2-903E58655B17}.Debug|Any CPU.Build.0 = Debug|Any CPU
		{D7E19BCF-545F-4EFA-89D2-903E58655B17}.Release|Any CPU.ActiveCfg = Release|Any CPU
		{D7E19BCF-545F-4EFA-89D2-903E58655B17}.Release|Any CPU.Build.0 = Release|Any CPU
		{B233CCE0-AE77-47FA-B8C7-79E25D566D24}.Debug|Any CPU.ActiveCfg = Debug|Any CPU
		{B233CCE0-AE77-47FA-B8C7-79E25D566D24}.Debug|Any CPU.Build.0 = Debug|Any CPU
		{B233CCE0-AE77-47FA-B8C7-79E25D566D24}.Release|Any CPU.ActiveCfg = Release|Any CPU
		{B233CCE0-AE77-47FA-B8C7-79E25D566D24}.Release|Any CPU.Build.0 = Release|Any CPU
		{32169EC2-BD31-46ED-9755-5C779CBF9AE9}.Debug|Any CPU.ActiveCfg = Debug|Any CPU
		{32169EC2-BD31-46ED-9755-5C779CBF9AE9}.Debug|Any CPU.Build.0 = Debug|Any CPU
		{32169EC2-BD31-46ED-9755-5C779CBF9AE9}.Release|Any CPU.ActiveCfg = Release|Any CPU
		{32169EC2-BD31-46ED-9755-5C779CBF9AE9}.Release|Any CPU.Build.0 = Release|Any CPU
		{CCC20C1B-CDB0-4A45-8F5B-CA7DCAE15905}.Debug|Any CPU.ActiveCfg = Debug|Any CPU
		{CCC20C1B-CDB0-4A45-8F5B-CA7DCAE15905}.Debug|Any CPU.Build.0 = Debug|Any CPU
		{CCC20C1B-CDB0-4A45-8F5B-CA7DCAE15905}.Release|Any CPU.ActiveCfg = Release|Any CPU
		{CCC20C1B-CDB0-4A45-8F5B-CA7DCAE15905}.Release|Any CPU.Build.0 = Release|Any CPU
		{00EB44B8-AA4C-4C51-9261-32AA0A285F21}.Debug|Any CPU.ActiveCfg = Debug|Any CPU
		{00EB44B8-AA4C-4C51-9261-32AA0A285F21}.Debug|Any CPU.Build.0 = Debug|Any CPU
		{00EB44B8-AA4C-4C51-9261-32AA0A285F21}.Release|Any CPU.ActiveCfg = Release|Any CPU
		{00EB44B8-AA4C-4C51-9261-32AA0A285F21}.Release|Any CPU.Build.0 = Release|Any CPU
	EndGlobalSection
	GlobalSection(SolutionProperties) = preSolution
		HideSolutionNode = FALSE
	EndGlobalSection
	GlobalSection(ExtensibilityGlobals) = postSolution
		SolutionGuid = {100B377B-D6DD-4235-8794-C46ABDA18F82}
	EndGlobalSection
EndGlobal
